# This file is automatically @generated by Cargo.
# It is not intended for manual editing.
version = 4

[[package]]
name = "reader-cli"
version = "0.1.0"

[[package]]
name = "reader-core"
version = "0.1.0"

[[package]]
name = "reader-migrate"
version = "0.1.0"

[[package]]
name = "reader-shared"
version = "0.1.0"
